// !$*UTF8*$!
{
	archiveVersion = 1;
	classes = {
	};
	objectVersion = 46;
	objects = {

/* Begin PBXBuildFile section */
		FCDAD5D31A47B9D00016E78B /* EUExMISP.h in CopyFiles */ = {isa = PBXBuildFile; fileRef = FCDAD5D21A47B9D00016E78B /* EUExMISP.h */; };
		FCDAD5D51A47B9D00016E78B /* EUExMISP.m in Sources */ = {isa = PBXBuildFile; fileRef = FCDAD5D41A47B9D00016E78B /* EUExMISP.m */; };
		FCDAD5DB1A47B9D00016E78B /* libuexMISP.a in Frameworks */ = {isa = PBXBuildFile; fileRef = FCDAD5CF1A47B9D00016E78B /* libuexMISP.a */; };
		FCDAD5F81A47BCEC0016E78B /* MISP.framework in Frameworks */ = {isa = PBXBuildFile; fileRef = FCDAD5F71A47BCEC0016E78B /* MISP.framework */; };
/* End PBXBuildFile section */

/* Begin PBXContainerItemProxy section */
		FCDAD5DC1A47B9D00016E78B /* PBXContainerItemProxy */ = {
			isa = PBXContainerItemProxy;
			containerPortal = FCDAD5C71A47B9D00016E78B /* Project object */;
			proxyType = 1;
			remoteGlobalIDString = FCDAD5CE1A47B9D00016E78B;
			remoteInfo = EUExMISP;
		};
/* End PBXContainerItemProxy section */

/* Begin PBXCopyFilesBuildPhase section */
		FCDAD5CD1A47B9D00016E78B /* CopyFiles */ = {
			isa = PBXCopyFilesBuildPhase;
			buildActionMask = 2147483647;
			dstPath = "include/$(PRODUCT_NAME)";
			dstSubfolderSpec = 16;
			files = (
				FCDAD5D31A47B9D00016E78B /* EUExMISP.h in CopyFiles */,
			);
			runOnlyForDeploymentPostprocessing = 0;
		};
/* End PBXCopyFilesBuildPhase section */

/* Begin PBXFileReference section */
		FCDAD5CF1A47B9D00016E78B /* libuexMISP.a */ = {isa = PBXFileReference; explicitFileType = archive.ar; includeInIndex = 0; path = libuexMISP.a; sourceTree = BUILT_PRODUCTS_DIR; };
		FCDAD5D21A47B9D00016E78B /* EUExMISP.h */ = {isa = PBXFileReference; lastKnownFileType = sourcecode.c.h; path = EUExMISP.h; sourceTree = "<group>"; };
		FCDAD5D41A47B9D00016E78B /* EUExMISP.m */ = {isa = PBXFileReference; lastKnownFileType = sourcecode.c.objc; path = EUExMISP.m; sourceTree = "<group>"; };
		FCDAD5DA1A47B9D00016E78B /* EUExMISPTests.xctest */ = {isa = PBXFileReference; explicitFileType = wrapper.cfbundle; includeInIndex = 0; path = EUExMISPTests.xctest; sourceTree = BUILT_PRODUCTS_DIR; };
		FCDAD5E01A47B9D00016E78B /* Info.plist */ = {isa = PBXFileReference; lastKnownFileType = text.plist.xml; path = Info.plist; sourceTree = "<group>"; };
		FCDAD5EB1A47BB2A0016E78B /* EUExBase.h */ = {isa = PBXFileReference; fileEncoding = 4; lastKnownFileType = sourcecode.c.h; path = EUExBase.h; sourceTree = "<group>"; };
		FCDAD5EC1A47BB2A0016E78B /* EUExBaseDefine.h */ = {isa = PBXFileReference; fileEncoding = 4; lastKnownFileType = sourcecode.c.h; path = EUExBaseDefine.h; sourceTree = "<group>"; };
		FCDAD5ED1A47BB2A0016E78B /* EUtility.h */ = {isa = PBXFileReference; fileEncoding = 4; lastKnownFileType = sourcecode.c.h; path = EUtility.h; sourceTree = "<group>"; };
		FCDAD5EF1A47BB2A0016E78B /* JSON.h */ = {isa = PBXFileReference; fileEncoding = 4; lastKnownFileType = sourcecode.c.h; path = JSON.h; sourceTree = "<group>"; };
		FCDAD5F01A47BB2A0016E78B /* JSONParser.h */ = {isa = PBXFileReference; fileEncoding = 4; lastKnownFileType = sourcecode.c.h; path = JSONParser.h; sourceTree = "<group>"; };
		FCDAD5F11A47BB2A0016E78B /* NSObject+SBJSON.h */ = {isa = PBXFileReference; fileEncoding = 4; lastKnownFileType = sourcecode.c.h; path = "NSObject+SBJSON.h"; sourceTree = "<group>"; };
		FCDAD5F21A47BB2A0016E78B /* NSString+SBJSON.h */ = {isa = PBXFileReference; fileEncoding = 4; lastKnownFileType = sourcecode.c.h; path = "NSString+SBJSON.h"; sourceTree = "<group>"; };
		FCDAD5F31A47BB2A0016E78B /* SBJSON.h */ = {isa = PBXFileReference; fileEncoding = 4; lastKnownFileType = sourcecode.c.h; path = SBJSON.h; sourceTree = "<group>"; };
		FCDAD5F41A47BB2A0016E78B /* SBJsonBase.h */ = {isa = PBXFileReference; fileEncoding = 4; lastKnownFileType = sourcecode.c.h; path = SBJsonBase.h; sourceTree = "<group>"; };
		FCDAD5F51A47BB2A0016E78B /* SBJsonParser.h */ = {isa = PBXFileReference; fileEncoding = 4; lastKnownFileType = sourcecode.c.h; path = SBJsonParser.h; sourceTree = "<group>"; };
		FCDAD5F61A47BB2A0016E78B /* SBJsonWriter.h */ = {isa = PBXFileReference; fileEncoding = 4; lastKnownFileType = sourcecode.c.h; path = SBJsonWriter.h; sourceTree = "<group>"; };
		FCDAD5F71A47BCEC0016E78B /* MISP.framework */ = {isa = PBXFileReference; lastKnownFileType = wrapper.framework; path = MISP.framework; sourceTree = "<group>"; };
/* End PBXFileReference section */

/* Begin PBXFrameworksBuildPhase section */
		FCDAD5CC1A47B9D00016E78B /* Frameworks */ = {
			isa = PBXFrameworksBuildPhase;
			buildActionMask = 2147483647;
			files = (
				FCDAD5F81A47BCEC0016E78B /* MISP.framework in Frameworks */,
			);
			runOnlyForDeploymentPostprocessing = 0;
		};
		FCDAD5D71A47B9D00016E78B /* Frameworks */ = {
			isa = PBXFrameworksBuildPhase;
			buildActionMask = 2147483647;
			files = (
				FCDAD5DB1A47B9D00016E78B /* libuexMISP.a in Frameworks */,
			);
			runOnlyForDeploymentPostprocessing = 0;
		};
/* End PBXFrameworksBuildPhase section */

/* Begin PBXGroup section */
		FCDAD5C61A47B9D00016E78B = {
			isa = PBXGroup;
			children = (
				FCDAD5F71A47BCEC0016E78B /* MISP.framework */,
				FCDAD5D11A47B9D00016E78B /* EUExMISP */,
				FCDAD5DE1A47B9D00016E78B /* EUExMISPTests */,
				FCDAD5D01A47B9D00016E78B /* Products */,
			);
			sourceTree = "<group>";
		};
		FCDAD5D01A47B9D00016E78B /* Products */ = {
			isa = PBXGroup;
			children = (
				FCDAD5CF1A47B9D00016E78B /* libuexMISP.a */,
				FCDAD5DA1A47B9D00016E78B /* EUExMISPTests.xctest */,
			);
			name = Products;
			sourceTree = "<group>";
		};
		FCDAD5D11A47B9D00016E78B /* EUExMISP */ = {
			isa = PBXGroup;
			children = (
				FCDAD5EA1A47BB2A0016E78B /* engineHeader */,
				FCDAD5EE1A47BB2A0016E78B /* JSON */,
				FCDAD5D21A47B9D00016E78B /* EUExMISP.h */,
				FCDAD5D41A47B9D00016E78B /* EUExMISP.m */,
			);
			path = EUExMISP;
			sourceTree = "<group>";
		};
		FCDAD5DE1A47B9D00016E78B /* EUExMISPTests */ = {
			isa = PBXGroup;
			children = (
				FCDAD5DF1A47B9D00016E78B /* Supporting Files */,
			);
			path = EUExMISPTests;
			sourceTree = "<group>";
		};
		FCDAD5DF1A47B9D00016E78B /* Supporting Files */ = {
			isa = PBXGroup;
			children = (
				FCDAD5E01A47B9D00016E78B /* Info.plist */,
			);
			name = "Supporting Files";
			sourceTree = "<group>";
		};
		FCDAD5EA1A47BB2A0016E78B /* engineHeader */ = {
			isa = PBXGroup;
			children = (
				FCDAD5EB1A47BB2A0016E78B /* EUExBase.h */,
				FCDAD5EC1A47BB2A0016E78B /* EUExBaseDefine.h */,
				FCDAD5ED1A47BB2A0016E78B /* EUtility.h */,
			);
			path = engineHeader;
			sourceTree = "<group>";
		};
		FCDAD5EE1A47BB2A0016E78B /* JSON */ = {
			isa = PBXGroup;
			children = (
				FCDAD5EF1A47BB2A0016E78B /* JSON.h */,
				FCDAD5F01A47BB2A0016E78B /* JSONParser.h */,
				FCDAD5F11A47BB2A0016E78B /* NSObject+SBJSON.h */,
				FCDAD5F21A47BB2A0016E78B /* NSString+SBJSON.h */,
				FCDAD5F31A47BB2A0016E78B /* SBJSON.h */,
				FCDAD5F41A47BB2A0016E78B /* SBJsonBase.h */,
				FCDAD5F51A47BB2A0016E78B /* SBJsonParser.h */,
				FCDAD5F61A47BB2A0016E78B /* SBJsonWriter.h */,
			);
			path = JSON;
			sourceTree = "<group>";
		};
/* End PBXGroup section */

/* Begin PBXNativeTarget section */
		FCDAD5CE1A47B9D00016E78B /* EUExMISP */ = {
			isa = PBXNativeTarget;
			buildConfigurationList = FCDAD5E31A47B9D00016E78B /* Build configuration list for PBXNativeTarget "EUExMISP" */;
			buildPhases = (
				FCDAD5CB1A47B9D00016E78B /* Sources */,
				FCDAD5CC1A47B9D00016E78B /* Frameworks */,
				FCDAD5CD1A47B9D00016E78B /* CopyFiles */,
			);
			buildRules = (
			);
			dependencies = (
			);
			name = EUExMISP;
			productName = EUExMISP;
			productReference = FCDAD5CF1A47B9D00016E78B /* libuexMISP.a */;
			productType = "com.apple.product-type.library.static";
		};
		FCDAD5D91A47B9D00016E78B /* EUExMISPTests */ = {
			isa = PBXNativeTarget;
			buildConfigurationList = FCDAD5E61A47B9D00016E78B /* Build configuration list for PBXNativeTarget "EUExMISPTests" */;
			buildPhases = (
				FCDAD5D61A47B9D00016E78B /* Sources */,
				FCDAD5D71A47B9D00016E78B /* Frameworks */,
				FCDAD5D81A47B9D00016E78B /* Resources */,
			);
			buildRules = (
			);
			dependencies = (
				FCDAD5DD1A47B9D00016E78B /* PBXTargetDependency */,
			);
			name = EUExMISPTests;
			productName = EUExMISPTests;
			productReference = FCDAD5DA1A47B9D00016E78B /* EUExMISPTests.xctest */;
			productType = "com.apple.product-type.bundle.unit-test";
		};
/* End PBXNativeTarget section */

/* Begin PBXProject section */
		FCDAD5C71A47B9D00016E78B /* Project object */ = {
			isa = PBXProject;
			attributes = {
				LastUpgradeCheck = 0610;
				ORGANIZATIONNAME = wedge;
				TargetAttributes = {
					FCDAD5CE1A47B9D00016E78B = {
						CreatedOnToolsVersion = 6.1.1;
					};
					FCDAD5D91A47B9D00016E78B = {
						CreatedOnToolsVersion = 6.1.1;
					};
				};
			};
			buildConfigurationList = FCDAD5CA1A47B9D00016E78B /* Build configuration list for PBXProject "EUExMISP" */;
			compatibilityVersion = "Xcode 3.2";
			developmentRegion = English;
			hasScannedForEncodings = 0;
			knownRegions = (
				en,
			);
			mainGroup = FCDAD5C61A47B9D00016E78B;
			productRefGroup = FCDAD5D01A47B9D00016E78B /* Products */;
			projectDirPath = "";
			projectRoot = "";
			targets = (
				FCDAD5CE1A47B9D00016E78B /* EUExMISP */,
				FCDAD5D91A47B9D00016E78B /* EUExMISPTests */,
			);
		};
/* End PBXProject section */

/* Begin PBXResourcesBuildPhase section */
		FCDAD5D81A47B9D00016E78B /* Resources */ = {
			isa = PBXResourcesBuildPhase;
			buildActionMask = 2147483647;
			files = (
			);
			runOnlyForDeploymentPostprocessing = 0;
		};
/* End PBXResourcesBuildPhase section */

/* Begin PBXSourcesBuildPhase section */
		FCDAD5CB1A47B9D00016E78B /* Sources */ = {
			isa = PBXSourcesBuildPhase;
			buildActionMask = 2147483647;
			files = (
				FCDAD5D51A47B9D00016E78B /* EUExMISP.m in Sources */,
			);
			runOnlyForDeploymentPostprocessing = 0;
		};
		FCDAD5D61A47B9D00016E78B /* Sources */ = {
			isa = PBXSourcesBuildPhase;
			buildActionMask = 2147483647;
			files = (
			);
			runOnlyForDeploymentPostprocessing = 0;
		};
/* End PBXSourcesBuildPhase section */

/* Begin PBXTargetDependency section */
		FCDAD5DD1A47B9D00016E78B /* PBXTargetDependency */ = {
			isa = PBXTargetDependency;
			target = FCDAD5CE1A47B9D00016E78B /* EUExMISP */;
			targetProxy = FCDAD5DC1A47B9D00016E78B /* PBXContainerItemProxy */;
		};
/* End PBXTargetDependency section */

/* Begin XCBuildConfiguration section */
		FCDAD5E11A47B9D00016E78B /* Debug */ = {
			isa = XCBuildConfiguration;
			buildSettings = {
				ALWAYS_SEARCH_USER_PATHS = NO;
				CLANG_CXX_LANGUAGE_STANDARD = "gnu++0x";
				CLANG_CXX_LIBRARY = "libc++";
				CLANG_ENABLE_MODULES = YES;
				CLANG_ENABLE_OBJC_ARC = YES;
				CLANG_WARN_BOOL_CONVERSION = YES;
				CLANG_WARN_CONSTANT_CONVERSION = YES;
				CLANG_WARN_DIRECT_OBJC_ISA_USAGE = YES_ERROR;
				CLANG_WARN_EMPTY_BODY = YES;
				CLANG_WARN_ENUM_CONVERSION = YES;
				CLANG_WARN_INT_CONVERSION = YES;
				CLANG_WARN_OBJC_ROOT_CLASS = YES_ERROR;
				CLANG_WARN_UNREACHABLE_CODE = YES;
				CLANG_WARN__DUPLICATE_METHOD_MATCH = YES;
				CODE_SIGN_IDENTITY = "iPhone Developer: yue guo (CB7ZGJSCG9)";
				COPY_PHASE_STRIP = NO;
				ENABLE_STRICT_OBJC_MSGSEND = YES;
				GCC_C_LANGUAGE_STANDARD = gnu99;
				GCC_DYNAMIC_NO_PIC = NO;
				GCC_OPTIMIZATION_LEVEL = 0;
				GCC_PREPROCESSOR_DEFINITIONS = (
					"DEBUG=1",
					"$(inherited)",
				);
				GCC_SYMBOLS_PRIVATE_EXTERN = NO;
				GCC_WARN_64_TO_32_BIT_CONVERSION = YES;
				GCC_WARN_ABOUT_RETURN_TYPE = YES_ERROR;
				GCC_WARN_UNDECLARED_SELECTOR = YES;
				GCC_WARN_UNINITIALIZED_AUTOS = YES_AGGRESSIVE;
				GCC_WARN_UNUSED_FUNCTION = YES;
				GCC_WARN_UNUSED_VARIABLE = YES;
				IPHONEOS_DEPLOYMENT_TARGET = 6.0;
				MTL_ENABLE_DEBUG_INFO = YES;
				ONLY_ACTIVE_ARCH = YES;
				PROVISIONING_PROFILE = "b002f307-7142-4a54-b086-43240674df77";
				SDKROOT = iphoneos;
			};
			name = Debug;
		};
		FCDAD5E21A47B9D00016E78B /* Release */ = {
			isa = XCBuildConfiguration;
			buildSettings = {
				ALWAYS_SEARCH_USER_PATHS = NO;
				CLANG_CXX_LANGUAGE_STANDARD = "gnu++0x";
				CLANG_CXX_LIBRARY = "libc++";
				CLANG_ENABLE_MODULES = YES;
				CLANG_ENABLE_OBJC_ARC = YES;
				CLANG_WARN_BOOL_CONVERSION = YES;
				CLANG_WARN_CONSTANT_CONVERSION = YES;
				CLANG_WARN_DIRECT_OBJC_ISA_USAGE = YES_ERROR;
				CLANG_WARN_EMPTY_BODY = YES;
				CLANG_WARN_ENUM_CONVERSION = YES;
				CLANG_WARN_INT_CONVERSION = YES;
				CLANG_WARN_OBJC_ROOT_CLASS = YES_ERROR;
				CLANG_WARN_UNREACHABLE_CODE = YES;
				CLANG_WARN__DUPLICATE_METHOD_MATCH = YES;
				CODE_SIGN_IDENTITY = "iPhone Developer: yue guo (CB7ZGJSCG9)";
				COPY_PHASE_STRIP = YES;
				ENABLE_NS_ASSERTIONS = NO;
				ENABLE_STRICT_OBJC_MSGSEND = YES;
				GCC_C_LANGUAGE_STANDARD = gnu99;
				GCC_WARN_64_TO_32_BIT_CONVERSION = YES;
				GCC_WARN_ABOUT_RETURN_TYPE = YES_ERROR;
				GCC_WARN_UNDECLARED_SELECTOR = YES;
				GCC_WARN_UNINITIALIZED_AUTOS = YES_AGGRESSIVE;
				GCC_WARN_UNUSED_FUNCTION = YES;
				GCC_WARN_UNUSED_VARIABLE = YES;
				IPHONEOS_DEPLOYMENT_TARGET = 6.0;
				MTL_ENABLE_DEBUG_INFO = NO;
				PROVISIONING_PROFILE = "b002f307-7142-4a54-b086-43240674df77";
				SDKROOT = iphoneos;
				VALIDATE_PRODUCT = YES;
			};
			name = Release;
		};
		FCDAD5E41A47B9D00016E78B /* Debug */ = {
			isa = XCBuildConfiguration;
			buildSettings = {
				FRAMEWORK_SEARCH_PATHS = (
					"$(inherited)",
					"$(PROJECT_DIR)",
				);
				OTHER_LDFLAGS = "-ObjC";
				PRODUCT_NAME = uexMISP;
				SKIP_INSTALL = YES;
			};
			name = Debug;
		};
		FCDAD5E51A47B9D00016E78B /* Release */ = {
			isa = XCBuildConfiguration;
			buildSettings = {
				FRAMEWORK_SEARCH_PATHS = (
					"$(inherited)",
					"$(PROJECT_DIR)",
				);
				OTHER_LDFLAGS = "-ObjC";
				PRODUCT_NAME = uexMISP;
				SKIP_INSTALL = YES;
			};
			name = Release;
		};
		FCDAD5E71A47B9D00016E78B /* Debug */ = {
			isa = XCBuildConfiguration;
			buildSettings = {
				FRAMEWORK_SEARCH_PATHS = (
					"$(SDKROOT)/Developer/Library/Frameworks",
					"$(inherited)",
				);
				GCC_PREPROCESSOR_DEFINITIONS = (
					"DEBUG=1",
					"$(inherited)",
				);
				INFOPLIST_FILE = EUExMISPTests/Info.plist;
				LD_RUNPATH_SEARCH_PATHS = "$(inherited) @executable_path/Frameworks @loader_path/Frameworks";
				PRODUCT_NAME = "$(TARGET_NAME)";
			};
			name = Debug;
		};
		FCDAD5E81A47B9D00016E78B /* Release */ = {
			isa = XCBuildConfiguration;
			buildSettings = {
				FRAMEWORK_SEARCH_PATHS = (
					"$(SDKROOT)/Developer/Library/Frameworks",
					"$(inherited)",
				);
				INFOPLIST_FILE = EUExMISPTests/Info.plist;
				LD_RUNPATH_SEARCH_PATHS = "$(inherited) @executable_path/Frameworks @loader_path/Frameworks";
				PRODUCT_NAME = "$(TARGET_NAME)";
			};
			name = Release;
		};
/* End XCBuildConfiguration section */

/* Begin XCConfigurationList section */
		FCDAD5CA1A47B9D00016E78B /* Build configuration list for PBXProject "EUExMISP" */ = {
			isa = XCConfigurationList;
			buildConfigurations = (
				FCDAD5E11A47B9D00016E78B /* Debug */,
				FCDAD5E21A47B9D00016E78B /* Release */,
			);
			defaultConfigurationIsVisible = 0;
			defaultConfigurationName = Release;
		};
		FCDAD5E31A47B9D00016E78B /* Build configuration list for PBXNativeTarget "EUExMISP" */ = {
			isa = XCConfigurationList;
			buildConfigurations = (
				FCDAD5E41A47B9D00016E78B /* Debug */,
				FCDAD5E51A47B9D00016E78B /* Release */,
			);
			defaultConfigurationIsVisible = 0;
			defaultConfigurationName = Release;
		};
		FCDAD5E61A47B9D00016E78B /* Build configuration list for PBXNativeTarget "EUExMISPTests" */ = {
			isa = XCConfigurationList;
			buildConfigurations = (
				FCDAD5E71A47B9D00016E78B /* Debug */,
				FCDAD5E81A47B9D00016E78B /* Release */,
			);
			defaultConfigurationIsVisible = 0;
			defaultConfigurationName = Release;
		};
/* End XCConfigurationList section */
	};
	rootObject = FCDAD5C71A47B9D00016E78B /* Project object */;
}
